
Microsoft Visual Studio Solution File, Format Version 12.00
Project("{FAE04EC0-301F-11D3-BF4B-00C04F79EFBC}") = "Project_chat_app_and_server", "Project_chat_app_and_server\Project_chat_app_and_server.csproj", "{C5C1E8A8-4D34-408A-B797-BBC70C142DB4}"
EndProject
Project("{FAE04EC0-301F-11D3-BF4B-00C04F79EFBC}") = "Chat_server", "Chat_server\Chat_server.csproj", "{F023827E-38DB-4B34-A9A0-1A9D9F642D9C}"
EndProject
Global
	GlobalSection(SolutionConfigurationPlatforms) = preSolution
		Debug|Any CPU = Debug|Any CPU
		Release|Any CPU = Release|Any CPU
	EndGlobalSection
	GlobalSection(ProjectConfigurationPlatforms) = postSolution
		{C5C1E8A8-4D34-408A-B797-BBC70C142DB4}.Debug|Any CPU.ActiveCfg = Debug|Any CPU
		{C5C1E8A8-4D34-408A-B797-BBC70C142DB4}.Debug|Any CPU.Build.0 = Debug|Any CPU
		{C5C1E8A8-4D34-408A-B797-BBC70C142DB4}.Release|Any CPU.ActiveCfg = Release|Any CPU
		{C5C1E8A8-4D34-408A-B797-BBC70C142DB4}.Release|Any CPU.Build.0 = Release|Any CPU
		{F023827E-38DB-4B34-A9A0-1A9D9F642D9C}.Debug|Any CPU.ActiveCfg = Debug|Any CPU
		{F023827E-38DB-4B34-A9A0-1A9D9F642D9C}.Debug|Any CPU.Build.0 = Debug|Any CPU
		{F023827E-38DB-4B34-A9A0-1A9D9F642D9C}.Release|Any CPU.ActiveCfg = Release|Any CPU
		{F023827E-38DB-4B34-A9A0-1A9D9F642D9C}.Release|Any CPU.Build.0 = Release|Any CPU
	EndGlobalSection
EndGlobal
